// !$*UTF8*$!
{
	archiveVersion = 1;
	classes = {
	};
	objectVersion = 48;
	objects = {

/* Begin PBXBuildFile section */
		25EC0990203813390039ED05 /* AppDelegate.swift in Sources */ = {isa = PBXBuildFile; fileRef = 25EC098F203813390039ED05 /* AppDelegate.swift */; };
		25EC0992203813390039ED05 /* ViewController.swift in Sources */ = {isa = PBXBuildFile; fileRef = 25EC0991203813390039ED05 /* ViewController.swift */; };
		25EC0995203813390039ED05 /* Main.storyboard in Resources */ = {isa = PBXBuildFile; fileRef = 25EC0993203813390039ED05 /* Main.storyboard */; };
		25EC0997203813390039ED05 /* Assets.xcassets in Resources */ = {isa = PBXBuildFile; fileRef = 25EC0996203813390039ED05 /* Assets.xcassets */; };
		25EC099A203813390039ED05 /* LaunchScreen.storyboard in Resources */ = {isa = PBXBuildFile; fileRef = 25EC0998203813390039ED05 /* LaunchScreen.storyboard */; };
		25EC09A3203847890039ED05 /* LeftViewController.swift in Sources */ = {isa = PBXBuildFile; fileRef = 25EC09A1203847890039ED05 /* LeftViewController.swift */; };
		25EC09A4203847890039ED05 /* LeftViewController.xib in Resources */ = {isa = PBXBuildFile; fileRef = 25EC09A2203847890039ED05 /* LeftViewController.xib */; };
		25EC09A7203847960039ED05 /* RightViewController.swift in Sources */ = {isa = PBXBuildFile; fileRef = 25EC09A5203847960039ED05 /* RightViewController.swift */; };
		25EC09A8203847960039ED05 /* RightViewController.xib in Resources */ = {isa = PBXBuildFile; fileRef = 25EC09A6203847960039ED05 /* RightViewController.xib */; };
		25EC09AB203847A10039ED05 /* CenterViewController.swift in Sources */ = {isa = PBXBuildFile; fileRef = 25EC09A9203847A10039ED05 /* CenterViewController.swift */; };
		25EC09AC203847A10039ED05 /* CenterViewController.xib in Resources */ = {isa = PBXBuildFile; fileRef = 25EC09AA203847A10039ED05 /* CenterViewController.xib */; };
/* End PBXBuildFile section */

/* Begin PBXFileReference section */
		25EC098C203813390039ED05 /* Snapchat Menu & Camera.app */ = {isa = PBXFileReference; explicitFileType = wrapper.application; includeInIndex = 0; path = "Snapchat Menu & Camera.app"; sourceTree = BUILT_PRODUCTS_DIR; };
		25EC098F203813390039ED05 /* AppDelegate.swift */ = {isa = PBXFileReference; lastKnownFileType = sourcecode.swift; path = AppDelegate.swift; sourceTree = "<group>"; };
		25EC0991203813390039ED05 /* ViewController.swift */ = {isa = PBXFileReference; lastKnownFileType = sourcecode.swift; path = ViewController.swift; sourceTree = "<group>"; };
		25EC0994203813390039ED05 /* Base */ = {isa = PBXFileReference; lastKnownFileType = file.storyboard; name = Base; path = Base.lproj/Main.storyboard; sourceTree = "<group>"; };
		25EC0996203813390039ED05 /* Assets.xcassets */ = {isa = PBXFileReference; lastKnownFileType = folder.assetcatalog; path = Assets.xcassets; sourceTree = "<group>"; };
		25EC0999203813390039ED05 /* Base */ = {isa = PBXFileReference; lastKnownFileType = file.storyboard; name = Base; path = Base.lproj/LaunchScreen.storyboard; sourceTree = "<group>"; };
		25EC099B203813390039ED05 /* Info.plist */ = {isa = PBXFileReference; lastKnownFileType = text.plist.xml; path = Info.plist; sourceTree = "<group>"; };
		25EC09A1203847890039ED05 /* LeftViewController.swift */ = {isa = PBXFileReference; lastKnownFileType = sourcecode.swift; path = LeftViewController.swift; sourceTree = "<group>"; };
		25EC09A2203847890039ED05 /* LeftViewController.xib */ = {isa = PBXFileReference; lastKnownFileType = file.xib; path = LeftViewController.xib; sourceTree = "<group>"; };
		25EC09A5203847960039ED05 /* RightViewController.swift */ = {isa = PBXFileReference; lastKnownFileType = sourcecode.swift; path = RightViewController.swift; sourceTree = "<group>"; };
		25EC09A6203847960039ED05 /* RightViewController.xib */ = {isa = PBXFileReference; lastKnownFileType = file.xib; path = RightViewController.xib; sourceTree = "<group>"; };
		25EC09A9203847A10039ED05 /* CenterViewController.swift */ = {isa = PBXFileReference; lastKnownFileType = sourcecode.swift; path = CenterViewController.swift; sourceTree = "<group>"; };
		25EC09AA203847A10039ED05 /* CenterViewController.xib */ = {isa = PBXFileReference; lastKnownFileType = file.xib; path = CenterViewController.xib; sourceTree = "<group>"; };
/* End PBXFileReference section */

/* Begin PBXFrameworksBuildPhase section */
		25EC0989203813390039ED05 /* Frameworks */ = {
			isa = PBXFrameworksBuildPhase;
			buildActionMask = 2147483647;
			files = (
			);
			runOnlyForDeploymentPostprocessing = 0;
		};
/* End PBXFrameworksBuildPhase section */

/* Begin PBXGroup section */
		25EC0983203813380039ED05 = {
			isa = PBXGroup;
			children = (
				25EC098E203813390039ED05 /* Snapchat Menu & Camera */,
				25EC098D203813390039ED05 /* Products */,
			);
			sourceTree = "<group>";
		};
		25EC098D203813390039ED05 /* Products */ = {
			isa = PBXGroup;
			children = (
				25EC098C203813390039ED05 /* Snapchat Menu & Camera.app */,
			);
			name = Products;
			sourceTree = "<group>";
		};
		25EC098E203813390039ED05 /* Snapchat Menu & Camera */ = {
			isa = PBXGroup;
			children = (
				25EC098F203813390039ED05 /* AppDelegate.swift */,
				25EC0991203813390039ED05 /* ViewController.swift */,
				25EC0993203813390039ED05 /* Main.storyboard */,
				25EC0996203813390039ED05 /* Assets.xcassets */,
				25EC0998203813390039ED05 /* LaunchScreen.storyboard */,
				25EC099B203813390039ED05 /* Info.plist */,
				25EC09A1203847890039ED05 /* LeftViewController.swift */,
				25EC09A2203847890039ED05 /* LeftViewController.xib */,
				25EC09A5203847960039ED05 /* RightViewController.swift */,
				25EC09A6203847960039ED05 /* RightViewController.xib */,
				25EC09A9203847A10039ED05 /* CenterViewController.swift */,
				25EC09AA203847A10039ED05 /* CenterViewController.xib */,
			);
			path = "Snapchat Menu & Camera";
			sourceTree = "<group>";
		};
/* End PBXGroup section */

/* Begin PBXNativeTarget section */
		25EC098B203813390039ED05 /* Snapchat Menu & Camera */ = {
			isa = PBXNativeTarget;
			buildConfigurationList = 25EC099E203813390039ED05 /* Build configuration list for PBXNativeTarget "Snapchat Menu & Camera" */;
			buildPhases = (
				25EC0988203813390039ED05 /* Sources */,
				25EC0989203813390039ED05 /* Frameworks */,
				25EC098A203813390039ED05 /* Resources */,
			);
			buildRules = (
			);
			dependencies = (
			);
			name = "Snapchat Menu & Camera";
			productName = "Snapchat Menu & Camera";
			productReference = 25EC098C203813390039ED05 /* Snapchat Menu & Camera.app */;
			productType = "com.apple.product-type.application";
		};
/* End PBXNativeTarget section */

/* Begin PBXProject section */
		25EC0984203813380039ED05 /* Project object */ = {
			isa = PBXProject;
			attributes = {
				LastSwiftUpdateCheck = 0910;
				LastUpgradeCheck = 0910;
				ORGANIZATIONNAME = qin;
				TargetAttributes = {
					25EC098B203813390039ED05 = {
						CreatedOnToolsVersion = 9.1;
						ProvisioningStyle = Manual;
					};
				};
			};
			buildConfigurationList = 25EC0987203813380039ED05 /* Build configuration list for PBXProject "Snapchat Menu & Camera" */;
			compatibilityVersion = "Xcode 8.0";
			developmentRegion = en;
			hasScannedForEncodings = 0;
			knownRegions = (
				en,
				Base,
			);
			mainGroup = 25EC0983203813380039ED05;
			productRefGroup = 25EC098D203813390039ED05 /* Products */;
			projectDirPath = "";
			projectRoot = "";
			targets = (
				25EC098B203813390039ED05 /* Snapchat Menu & Camera */,
			);
		};
/* End PBXProject section */

/* Begin PBXResourcesBuildPhase section */
		25EC098A203813390039ED05 /* Resources */ = {
			isa = PBXResourcesBuildPhase;
			buildActionMask = 2147483647;
			files = (
				25EC099A203813390039ED05 /* LaunchScreen.storyboard in Resources */,
				25EC09A8203847960039ED05 /* RightViewController.xib in Resources */,
				25EC09A4203847890039ED05 /* LeftViewController.xib in Resources */,
				25EC0997203813390039ED05 /* Assets.xcassets in Resources */,
				25EC0995203813390039ED05 /* Main.storyboard in Resources */,
				25EC09AC203847A10039ED05 /* CenterViewController.xib in Resources */,
			);
			runOnlyForDeploymentPostprocessing = 0;
		};
/* End PBXResourcesBuildPhase section */

/* Begin PBXSourcesBuildPhase section */
		25EC0988203813390039ED05 /* Sources */ = {
			isa = PBXSourcesBuildPhase;
			buildActionMask = 2147483647;
			files = (
				25EC09A3203847890039ED05 /* LeftViewController.swift in Sources */,
				25EC09A7203847960039ED05 /* RightViewController.swift in Sources */,
				25EC0992203813390039ED05 /* ViewController.swift in Sources */,
				25EC0990203813390039ED05 /* AppDelegate.swift in Sources */,
				25EC09AB203847A10039ED05 /* CenterViewController.swift in Sources */,
			);
			runOnlyForDeploymentPostprocessing = 0;
		};
/* End PBXSourcesBuildPhase section */

/* Begin PBXVariantGroup section */
		25EC0993203813390039ED05 /* Main.storyboard */ = {
			isa = PBXVariantGroup;
			children = (
				25EC0994203813390039ED05 /* Base */,
			);
			name = Main.storyboard;
			sourceTree = "<group>";
		};
		25EC0998203813390039ED05 /* LaunchScreen.storyboard */ = {
			isa = PBXVariantGroup;
			children = (
				25EC0999203813390039ED05 /* Base */,
			);
			name = LaunchScreen.storyboard;
			sourceTree = "<group>";
		};
/* End PBXVariantGroup section */

/* Begin XCBuildConfiguration section */
		25EC099C203813390039ED05 /* Debug */ = {
			isa = XCBuildConfiguration;
			buildSettings = {
				ALWAYS_SEARCH_USER_PATHS = NO;
				CLANG_ANALYZER_NONNULL = YES;
				CLANG_ANALYZER_NUMBER_OBJECT_CONVERSION = YES_AGGRESSIVE;
				CLANG_CXX_LANGUAGE_STANDARD = "gnu++14";
				CLANG_CXX_LIBRARY = "libc++";
				CLANG_ENABLE_MODULES = YES;
				CLANG_ENABLE_OBJC_ARC = YES;
				CLANG_WARN_BLOCK_CAPTURE_AUTORELEASING = YES;
				CLANG_WARN_BOOL_CONVERSION = YES;
				CLANG_WARN_COMMA = YES;
				CLANG_WARN_CONSTANT_CONVERSION = YES;
				CLANG_WARN_DIRECT_OBJC_ISA_USAGE = YES_ERROR;
				CLANG_WARN_DOCUMENTATION_COMMENTS = YES;
				CLANG_WARN_EMPTY_BODY = YES;
				CLANG_WARN_ENUM_CONVERSION = YES;
				CLANG_WARN_INFINITE_RECURSION = YES;
				CLANG_WARN_INT_CONVERSION = YES;
				CLANG_WARN_NON_LITERAL_NULL_CONVERSION = YES;
				CLANG_WARN_OBJC_LITERAL_CONVERSION = YES;
				CLANG_WARN_OBJC_ROOT_CLASS = YES_ERROR;
				CLANG_WARN_RANGE_LOOP_ANALYSIS = YES;
				CLANG_WARN_STRICT_PROTOTYPES = YES;
				CLANG_WARN_SUSPICIOUS_MOVE = YES;
				CLANG_WARN_UNGUARDED_AVAILABILITY = YES_AGGRESSIVE;
				CLANG_WARN_UNREACHABLE_CODE = YES;
				CLANG_WARN__DUPLICATE_METHOD_MATCH = YES;
				CODE_SIGN_IDENTITY = "iPhone Developer";
				COPY_PHASE_STRIP = NO;
				DEBUG_INFORMATION_FORMAT = dwarf;
				ENABLE_STRICT_OBJC_MSGSEND = YES;
				ENABLE_TESTABILITY = YES;
				GCC_C_LANGUAGE_STANDARD = gnu11;
				GCC_DYNAMIC_NO_PIC = NO;
				GCC_NO_COMMON_BLOCKS = YES;
				GCC_OPTIMIZATION_LEVEL = 0;
				GCC_PREPROCESSOR_DEFINITIONS = (
					"DEBUG=1",
					"$(inherited)",
				);
				GCC_WARN_64_TO_32_BIT_CONVERSION = YES;
				GCC_WARN_ABOUT_RETURN_TYPE = YES_ERROR;
				GCC_WARN_UNDECLARED_SELECTOR = YES;
				GCC_WARN_UNINITIALIZED_AUTOS = YES_AGGRESSIVE;
				GCC_WARN_UNUSED_FUNCTION = YES;
				GCC_WARN_UNUSED_VARIABLE = YES;
				IPHONEOS_DEPLOYMENT_TARGET = 11.1;
				MTL_ENABLE_DEBUG_INFO = YES;
				ONLY_ACTIVE_ARCH = YES;
				SDKROOT = iphoneos;
				SWIFT_ACTIVE_COMPILATION_CONDITIONS = DEBUG;
				SWIFT_OPTIMIZATION_LEVEL = "-Onone";
			};
			name = Debug;
		};
		25EC099D203813390039ED05 /* Release */ = {
			isa = XCBuildConfiguration;
			buildSettings = {
				ALWAYS_SEARCH_USER_PATHS = NO;
				CLANG_ANALYZER_NONNULL = YES;
				CLANG_ANALYZER_NUMBER_OBJECT_CONVERSION = YES_AGGRESSIVE;
				CLANG_CXX_LANGUAGE_STANDARD = "gnu++14";
				CLANG_CXX_LIBRARY = "libc++";
				CLANG_ENABLE_MODULES = YES;
				CLANG_ENABLE_OBJC_ARC = YES;
				CLANG_WARN_BLOCK_CAPTURE_AUTORELEASING = YES;
				CLANG_WARN_BOOL_CONVERSION = YES;
				CLANG_WARN_COMMA = YES;
				CLANG_WARN_CONSTANT_CONVERSION = YES;
				CLANG_WARN_DIRECT_OBJC_ISA_USAGE = YES_ERROR;
				CLANG_WARN_DOCUMENTATION_COMMENTS = YES;
				CLANG_WARN_EMPTY_BODY = YES;
				CLANG_WARN_ENUM_CONVERSION = YES;
				CLANG_WARN_INFINITE_RECURSION = YES;
				CLANG_WARN_INT_CONVERSION = YES;
				CLANG_WARN_NON_LITERAL_NULL_CONVERSION = YES;
				CLANG_WARN_OBJC_LITERAL_CONVERSION = YES;
				CLANG_WARN_OBJC_ROOT_CLASS = YES_ERROR;
				CLANG_WARN_RANGE_LOOP_ANALYSIS = YES;
				CLANG_WARN_STRICT_PROTOTYPES = YES;
				CLANG_WARN_SUSPICIOUS_MOVE = YES;
				CLANG_WARN_UNGUARDED_AVAILABILITY = YES_AGGRESSIVE;
				CLANG_WARN_UNREACHABLE_CODE = YES;
				CLANG_WARN__DUPLICATE_METHOD_MATCH = YES;
				CODE_SIGN_IDENTITY = "iPhone Developer";
				COPY_PHASE_STRIP = NO;
				DEBUG_INFORMATION_FORMAT = "dwarf-with-dsym";
				ENABLE_NS_ASSERTIONS = NO;
				ENABLE_STRICT_OBJC_MSGSEND = YES;
				GCC_C_LANGUAGE_STANDARD = gnu11;
				GCC_NO_COMMON_BLOCKS = YES;
				GCC_WARN_64_TO_32_BIT_CONVERSION = YES;
				GCC_WARN_ABOUT_RETURN_TYPE = YES_ERROR;
				GCC_WARN_UNDECLARED_SELECTOR = YES;
				GCC_WARN_UNINITIALIZED_AUTOS = YES_AGGRESSIVE;
				GCC_WARN_UNUSED_FUNCTION = YES;
				GCC_WARN_UNUSED_VARIABLE = YES;
				IPHONEOS_DEPLOYMENT_TARGET = 11.1;
				MTL_ENABLE_DEBUG_INFO = NO;
				SDKROOT = iphoneos;
				SWIFT_OPTIMIZATION_LEVEL = "-Owholemodule";
				VALIDATE_PRODUCT = YES;
			};
			name = Release;
		};
		25EC099F203813390039ED05 /* Debug */ = {
			isa = XCBuildConfiguration;
			buildSettings = {
				ASSETCATALOG_COMPILER_APPICON_NAME = AppIcon;
				CODE_SIGN_STYLE = Manual;
				DEVELOPMENT_TEAM = 83A76GE82G;
				INFOPLIST_FILE = "Snapchat Menu & Camera/Info.plist";
				IPHONEOS_DEPLOYMENT_TARGET = 9.0;
				LD_RUNPATH_SEARCH_PATHS = "$(inherited) @executable_path/Frameworks";
				PRODUCT_BUNDLE_IDENTIFIER = "dev.qin.Snapchat-Menu---Camera";
				PRODUCT_NAME = "$(TARGET_NAME)";
				PROVISIONING_PROFILE = "83d6c3f2-dcf9-4674-8428-0fad89c01c47";
				PROVISIONING_PROFILE_SPECIFIER = CommonProfile;
				SWIFT_VERSION = 4.0;
				TARGETED_DEVICE_FAMILY = "1,2";
			};
			name = Debug;
		};
		25EC09A0203813390039ED05 /* Release */ = {
			isa = XCBuildConfiguration;
			buildSettings = {
				ASSETCATALOG_COMPILER_APPICON_NAME = AppIcon;
				CODE_SIGN_STYLE = Manual;
				DEVELOPMENT_TEAM = "";
				INFOPLIST_FILE = "Snapchat Menu & Camera/Info.plist";
				IPHONEOS_DEPLOYMENT_TARGET = 9.0;
				LD_RUNPATH_SEARCH_PATHS = "$(inherited) @executable_path/Frameworks";
				PRODUCT_BUNDLE_IDENTIFIER = "dev.qin.Snapchat-Menu---Camera";
				PRODUCT_NAME = "$(TARGET_NAME)";
				PROVISIONING_PROFILE_SPECIFIER = "";
				SWIFT_VERSION = 4.0;
				TARGETED_DEVICE_FAMILY = "1,2";
			};
			name = Release;
		};
/* End XCBuildConfiguration section */

/* Begin XCConfigurationList section */
		25EC0987203813380039ED05 /* Build configuration list for PBXProject "Snapchat Menu & Camera" */ = {
			isa = XCConfigurationList;
			buildConfigurations = (
				25EC099C203813390039ED05 /* Debug */,
				25EC099D203813390039ED05 /* Release */,
			);
			defaultConfigurationIsVisible = 0;
			defaultConfigurationName = Release;
		};
		25EC099E203813390039ED05 /* Build configuration list for PBXNativeTarget "Snapchat Menu & Camera" */ = {
			isa = XCConfigurationList;
			buildConfigurations = (
				25EC099F203813390039ED05 /* Debug */,
				25EC09A0203813390039ED05 /* Release */,
			);
			defaultConfigurationIsVisible = 0;
			defaultConfigurationName = Release;
		};
/* End XCConfigurationList section */
	};
	rootObject = 25EC0984203813380039ED05 /* Project object */;
}
